// !$*UTF8*$!
{
	archiveVersion = 1;
	classes = {
	};
	objectVersion = 56;
	objects = {

/* Begin PBXBuildFile section */
		E30411662A21397C00C721EC /* RandomTimer.swift in Sources */ = {isa = PBXBuildFile; fileRef = E30411652A21397C00C721EC /* RandomTimer.swift */; };
		E3118BAB2A2A6BB8005DC31D /* SketchPage.swift in Sources */ = {isa = PBXBuildFile; fileRef = E3118BAA2A2A6BB8005DC31D /* SketchPage.swift */; };
		E3118BAD2A2A6C30005DC31D /* Records.swift in Sources */ = {isa = PBXBuildFile; fileRef = E3118BAC2A2A6C30005DC31D /* Records.swift */; };
		E3118BAF2A2A6CDD005DC31D /* ThemeBox.swift in Sources */ = {isa = PBXBuildFile; fileRef = E3118BAE2A2A6CDD005DC31D /* ThemeBox.swift */; };
		E3118BB12A2A6D28005DC31D /* ExtensionFile.swift in Sources */ = {isa = PBXBuildFile; fileRef = E3118BB02A2A6D28005DC31D /* ExtensionFile.swift */; };
		E3118BB32A2A6F44005DC31D /* Profile.swift in Sources */ = {isa = PBXBuildFile; fileRef = E3118BB22A2A6F44005DC31D /* Profile.swift */; };
		E3118BB52A2A6FD7005DC31D /* Selection.swift in Sources */ = {isa = PBXBuildFile; fileRef = E3118BB42A2A6FD7005DC31D /* Selection.swift */; };
		E31805882A1BAC28001AA227 /* ChallengeScreen.swift in Sources */ = {isa = PBXBuildFile; fileRef = E31805872A1BAC28001AA227 /* ChallengeScreen.swift */; };
		E3250CC7299C20AF008183CE /* DrawingView.swift in Sources */ = {isa = PBXBuildFile; fileRef = E3250CC6299C20AF008183CE /* DrawingView.swift */; };
		E3250CC9299C2290008183CE /* CanvasTestView.swift in Sources */ = {isa = PBXBuildFile; fileRef = E3250CC8299C2290008183CE /* CanvasTestView.swift */; };
		E3250CCF29A19CE0008183CE /* ColorP.swift in Sources */ = {isa = PBXBuildFile; fileRef = E3250CCE29A19CE0008183CE /* ColorP.swift */; };
		E3419DC82A04297100C91840 /* Launch Screen.storyboard in Resources */ = {isa = PBXBuildFile; fileRef = E3419DC72A04297100C91840 /* Launch Screen.storyboard */; };
		E3419DCC2A04370400C91840 /* SwiftUIView.swift in Sources */ = {isa = PBXBuildFile; fileRef = E3419DCB2A04370400C91840 /* SwiftUIView.swift */; };
		E3419DCE2A0448D400C91840 /* SplashScreenView.swift in Sources */ = {isa = PBXBuildFile; fileRef = E3419DCD2A0448D400C91840 /* SplashScreenView.swift */; };
		E35A7FA52A097AAB0059B252 /* HomePage.swift in Sources */ = {isa = PBXBuildFile; fileRef = E35A7FA42A097AAB0059B252 /* HomePage.swift */; };
		E3648B1C2A32601B00FEB87E /* Router.swift in Sources */ = {isa = PBXBuildFile; fileRef = E3648B1B2A32601B00FEB87E /* Router.swift */; };
		E3C7CE182A326D6B00020798 /* CountdownTimer.swift in Sources */ = {isa = PBXBuildFile; fileRef = E3C7CE172A326D6B00020798 /* CountdownTimer.swift */; };
		E3DAF8F52992F064007F4AD8 /* ColoringPage.swift in Sources */ = {isa = PBXBuildFile; fileRef = E3DAF8F42992F064007F4AD8 /* ColoringPage.swift */; };
		E3DAF8F72992FA29007F4AD8 /* DrawingRectangle.swift in Sources */ = {isa = PBXBuildFile; fileRef = E3DAF8F62992FA29007F4AD8 /* DrawingRectangle.swift */; };
		E3DAF8F929942B60007F4AD8 /* Box.swift in Sources */ = {isa = PBXBuildFile; fileRef = E3DAF8F829942B60007F4AD8 /* Box.swift */; };
		E3DAF8FB29944DC2007F4AD8 /* KeoDrawing.swift in Sources */ = {isa = PBXBuildFile; fileRef = E3DAF8FA29944DC2007F4AD8 /* KeoDrawing.swift */; };
		E3DAF8FD299794EE007F4AD8 /* Save.swift in Sources */ = {isa = PBXBuildFile; fileRef = E3DAF8FC299794EE007F4AD8 /* Save.swift */; };
		E3FD8E5429919A6600C6FDE8 /* AlgorithmArtsApp.swift in Sources */ = {isa = PBXBuildFile; fileRef = E3FD8E5329919A6600C6FDE8 /* AlgorithmArtsApp.swift */; };
		E3FD8E5629919A6600C6FDE8 /* ContentView.swift in Sources */ = {isa = PBXBuildFile; fileRef = E3FD8E5529919A6600C6FDE8 /* ContentView.swift */; };
		E3FD8E5829919A6600C6FDE8 /* Assets.xcassets in Resources */ = {isa = PBXBuildFile; fileRef = E3FD8E5729919A6600C6FDE8 /* Assets.xcassets */; };
		E3FD8E5C29919A6600C6FDE8 /* Preview Assets.xcassets in Resources */ = {isa = PBXBuildFile; fileRef = E3FD8E5B29919A6600C6FDE8 /* Preview Assets.xcassets */; };
		E3FD8E6629919A6700C6FDE8 /* AlgorithmArtsTests.swift in Sources */ = {isa = PBXBuildFile; fileRef = E3FD8E6529919A6700C6FDE8 /* AlgorithmArtsTests.swift */; };
		E3FD8E7029919A6700C6FDE8 /* AlgorithmArtsUITests.swift in Sources */ = {isa = PBXBuildFile; fileRef = E3FD8E6F29919A6700C6FDE8 /* AlgorithmArtsUITests.swift */; };
		E3FD8E7229919A6700C6FDE8 /* AlgorithmArtsUITestsLaunchTests.swift in Sources */ = {isa = PBXBuildFile; fileRef = E3FD8E7129919A6700C6FDE8 /* AlgorithmArtsUITestsLaunchTests.swift */; };
/* End PBXBuildFile section */

/* Begin PBXContainerItemProxy section */
		E3FD8E6229919A6700C6FDE8 /* PBXContainerItemProxy */ = {
			isa = PBXContainerItemProxy;
			containerPortal = E3FD8E4829919A6500C6FDE8 /* Project object */;
			proxyType = 1;
			remoteGlobalIDString = E3FD8E4F29919A6500C6FDE8;
			remoteInfo = AlgorithmArts;
		};
		E3FD8E6C29919A6700C6FDE8 /* PBXContainerItemProxy */ = {
			isa = PBXContainerItemProxy;
			containerPortal = E3FD8E4829919A6500C6FDE8 /* Project object */;
			proxyType = 1;
			remoteGlobalIDString = E3FD8E4F29919A6500C6FDE8;
			remoteInfo = AlgorithmArts;
		};
/* End PBXContainerItemProxy section */

/* Begin PBXFileReference section */
		E30411652A21397C00C721EC /* RandomTimer.swift */ = {isa = PBXFileReference; lastKnownFileType = sourcecode.swift; path = RandomTimer.swift; sourceTree = "<group>"; };
		E3118BAA2A2A6BB8005DC31D /* SketchPage.swift */ = {isa = PBXFileReference; lastKnownFileType = sourcecode.swift; path = SketchPage.swift; sourceTree = "<group>"; };
		E3118BAC2A2A6C30005DC31D /* Records.swift */ = {isa = PBXFileReference; lastKnownFileType = sourcecode.swift; path = Records.swift; sourceTree = "<group>"; };
		E3118BAE2A2A6CDD005DC31D /* ThemeBox.swift */ = {isa = PBXFileReference; lastKnownFileType = sourcecode.swift; path = ThemeBox.swift; sourceTree = "<group>"; };
		E3118BB02A2A6D28005DC31D /* ExtensionFile.swift */ = {isa = PBXFileReference; lastKnownFileType = sourcecode.swift; path = ExtensionFile.swift; sourceTree = "<group>"; };
		E3118BB22A2A6F44005DC31D /* Profile.swift */ = {isa = PBXFileReference; lastKnownFileType = sourcecode.swift; path = Profile.swift; sourceTree = "<group>"; };
		E3118BB42A2A6FD7005DC31D /* Selection.swift */ = {isa = PBXFileReference; lastKnownFileType = sourcecode.swift; path = Selection.swift; sourceTree = "<group>"; };
		E31805872A1BAC28001AA227 /* ChallengeScreen.swift */ = {isa = PBXFileReference; lastKnownFileType = sourcecode.swift; path = ChallengeScreen.swift; sourceTree = "<group>"; };
		E3250CC6299C20AF008183CE /* DrawingView.swift */ = {isa = PBXFileReference; lastKnownFileType = sourcecode.swift; path = DrawingView.swift; sourceTree = "<group>"; };
		E3250CC8299C2290008183CE /* CanvasTestView.swift */ = {isa = PBXFileReference; lastKnownFileType = sourcecode.swift; path = CanvasTestView.swift; sourceTree = "<group>"; };
		E3250CCE29A19CE0008183CE /* ColorP.swift */ = {isa = PBXFileReference; lastKnownFileType = sourcecode.swift; path = ColorP.swift; sourceTree = "<group>"; };
		E3250CD229A40551008183CE /* Info.plist */ = {isa = PBXFileReference; lastKnownFileType = text.plist; path = Info.plist; sourceTree = "<group>"; };
		E3419DC72A04297100C91840 /* Launch Screen.storyboard */ = {isa = PBXFileReference; lastKnownFileType = file.storyboard; path = "Launch Screen.storyboard"; sourceTree = "<group>"; };
		E3419DCB2A04370400C91840 /* SwiftUIView.swift */ = {isa = PBXFileReference; lastKnownFileType = sourcecode.swift; path = SwiftUIView.swift; sourceTree = "<group>"; };
		E3419DCD2A0448D400C91840 /* SplashScreenView.swift */ = {isa = PBXFileReference; lastKnownFileType = sourcecode.swift; path = SplashScreenView.swift; sourceTree = "<group>"; };
		E35A7FA42A097AAB0059B252 /* HomePage.swift */ = {isa = PBXFileReference; lastKnownFileType = sourcecode.swift; path = HomePage.swift; sourceTree = "<group>"; };
		E3648B1B2A32601B00FEB87E /* Router.swift */ = {isa = PBXFileReference; lastKnownFileType = sourcecode.swift; path = Router.swift; sourceTree = "<group>"; };
		E3C7CE172A326D6B00020798 /* CountdownTimer.swift */ = {isa = PBXFileReference; lastKnownFileType = sourcecode.swift; path = CountdownTimer.swift; sourceTree = "<group>"; };
		E3DAF8F42992F064007F4AD8 /* ColoringPage.swift */ = {isa = PBXFileReference; lastKnownFileType = sourcecode.swift; path = ColoringPage.swift; sourceTree = "<group>"; };
		E3DAF8F62992FA29007F4AD8 /* DrawingRectangle.swift */ = {isa = PBXFileReference; lastKnownFileType = sourcecode.swift; path = DrawingRectangle.swift; sourceTree = "<group>"; };
		E3DAF8F829942B60007F4AD8 /* Box.swift */ = {isa = PBXFileReference; lastKnownFileType = sourcecode.swift; path = Box.swift; sourceTree = "<group>"; };
		E3DAF8FA29944DC2007F4AD8 /* KeoDrawing.swift */ = {isa = PBXFileReference; lastKnownFileType = sourcecode.swift; path = KeoDrawing.swift; sourceTree = "<group>"; };
		E3DAF8FC299794EE007F4AD8 /* Save.swift */ = {isa = PBXFileReference; lastKnownFileType = sourcecode.swift; path = Save.swift; sourceTree = "<group>"; };
		E3FD8E5029919A6600C6FDE8 /* AlgorithmArts.app */ = {isa = PBXFileReference; explicitFileType = wrapper.application; includeInIndex = 0; path = AlgorithmArts.app; sourceTree = BUILT_PRODUCTS_DIR; };
		E3FD8E5329919A6600C6FDE8 /* AlgorithmArtsApp.swift */ = {isa = PBXFileReference; lastKnownFileType = sourcecode.swift; path = AlgorithmArtsApp.swift; sourceTree = "<group>"; };
		E3FD8E5529919A6600C6FDE8 /* ContentView.swift */ = {isa = PBXFileReference; lastKnownFileType = sourcecode.swift; path = ContentView.swift; sourceTree = "<group>"; };
		E3FD8E5729919A6600C6FDE8 /* Assets.xcassets */ = {isa = PBXFileReference; lastKnownFileType = folder.assetcatalog; path = Assets.xcassets; sourceTree = "<group>"; };
		E3FD8E5929919A6600C6FDE8 /* AlgorithmArts.entitlements */ = {isa = PBXFileReference; lastKnownFileType = text.plist.entitlements; path = AlgorithmArts.entitlements; sourceTree = "<group>"; };
		E3FD8E5B29919A6600C6FDE8 /* Preview Assets.xcassets */ = {isa = PBXFileReference; lastKnownFileType = folder.assetcatalog; path = "Preview Assets.xcassets"; sourceTree = "<group>"; };
		E3FD8E6129919A6700C6FDE8 /* AlgorithmArtsTests.xctest */ = {isa = PBXFileReference; explicitFileType = wrapper.cfbundle; includeInIndex = 0; path = AlgorithmArtsTests.xctest; sourceTree = BUILT_PRODUCTS_DIR; };
		E3FD8E6529919A6700C6FDE8 /* AlgorithmArtsTests.swift */ = {isa = PBXFileReference; lastKnownFileType = sourcecode.swift; path = AlgorithmArtsTests.swift; sourceTree = "<group>"; };
		E3FD8E6B29919A6700C6FDE8 /* AlgorithmArtsUITests.xctest */ = {isa = PBXFileReference; explicitFileType = wrapper.cfbundle; includeInIndex = 0; path = AlgorithmArtsUITests.xctest; sourceTree = BUILT_PRODUCTS_DIR; };
		E3FD8E6F29919A6700C6FDE8 /* AlgorithmArtsUITests.swift */ = {isa = PBXFileReference; lastKnownFileType = sourcecode.swift; path = AlgorithmArtsUITests.swift; sourceTree = "<group>"; };
		E3FD8E7129919A6700C6FDE8 /* AlgorithmArtsUITestsLaunchTests.swift */ = {isa = PBXFileReference; lastKnownFileType = sourcecode.swift; path = AlgorithmArtsUITestsLaunchTests.swift; sourceTree = "<group>"; };
/* End PBXFileReference section */

/* Begin PBXFrameworksBuildPhase section */
		E3FD8E4D29919A6500C6FDE8 /* Frameworks */ = {
			isa = PBXFrameworksBuildPhase;
			buildActionMask = 2147483647;
			files = (
			);
			runOnlyForDeploymentPostprocessing = 0;
		};
		E3FD8E5E29919A6700C6FDE8 /* Frameworks */ = {
			isa = PBXFrameworksBuildPhase;
			buildActionMask = 2147483647;
			files = (
			);
			runOnlyForDeploymentPostprocessing = 0;
		};
		E3FD8E6829919A6700C6FDE8 /* Frameworks */ = {
			isa = PBXFrameworksBuildPhase;
			buildActionMask = 2147483647;
			files = (
			);
			runOnlyForDeploymentPostprocessing = 0;
		};
/* End PBXFrameworksBuildPhase section */

/* Begin PBXGroup section */
		E3FD8E4729919A6500C6FDE8 = {
			isa = PBXGroup;
			children = (
				E3419DC72A04297100C91840 /* Launch Screen.storyboard */,
				E3419DCB2A04370400C91840 /* SwiftUIView.swift */,
				E3419DCD2A0448D400C91840 /* SplashScreenView.swift */,
				E3FD8E5229919A6600C6FDE8 /* AlgorithmArts */,
				E3FD8E6429919A6700C6FDE8 /* AlgorithmArtsTests */,
				E3FD8E6E29919A6700C6FDE8 /* AlgorithmArtsUITests */,
				E3FD8E5129919A6600C6FDE8 /* Products */,
			);
			sourceTree = "<group>";
		};
		E3FD8E5129919A6600C6FDE8 /* Products */ = {
			isa = PBXGroup;
			children = (
				E3FD8E5029919A6600C6FDE8 /* AlgorithmArts.app */,
				E3FD8E6129919A6700C6FDE8 /* AlgorithmArtsTests.xctest */,
				E3FD8E6B29919A6700C6FDE8 /* AlgorithmArtsUITests.xctest */,
			);
			name = Products;
			sourceTree = "<group>";
		};
		E3FD8E5229919A6600C6FDE8 /* AlgorithmArts */ = {
			isa = PBXGroup;
			children = (
				E3250CD229A40551008183CE /* Info.plist */,
				E3FD8E5329919A6600C6FDE8 /* AlgorithmArtsApp.swift */,
				E3FD8E5529919A6600C6FDE8 /* ContentView.swift */,
				E35A7FA42A097AAB0059B252 /* HomePage.swift */,
				E3C7CE172A326D6B00020798 /* CountdownTimer.swift */,
				E3118BB42A2A6FD7005DC31D /* Selection.swift */,
				E3118BB22A2A6F44005DC31D /* Profile.swift */,
				E3DAF8F42992F064007F4AD8 /* ColoringPage.swift */,
				E3648B1B2A32601B00FEB87E /* Router.swift */,
				E3DAF8FA29944DC2007F4AD8 /* KeoDrawing.swift */,
				E3118BAA2A2A6BB8005DC31D /* SketchPage.swift */,
				E3DAF8FC299794EE007F4AD8 /* Save.swift */,
				E31805872A1BAC28001AA227 /* ChallengeScreen.swift */,
				E3118BAC2A2A6C30005DC31D /* Records.swift */,
				E3DAF8F62992FA29007F4AD8 /* DrawingRectangle.swift */,
				E3DAF8F829942B60007F4AD8 /* Box.swift */,
				E3118BAE2A2A6CDD005DC31D /* ThemeBox.swift */,
				E3118BB02A2A6D28005DC31D /* ExtensionFile.swift */,
				E30411652A21397C00C721EC /* RandomTimer.swift */,
				E3250CC6299C20AF008183CE /* DrawingView.swift */,
				E3250CC8299C2290008183CE /* CanvasTestView.swift */,
				E3250CCE29A19CE0008183CE /* ColorP.swift */,
				E3FD8E5729919A6600C6FDE8 /* Assets.xcassets */,
				E3FD8E5929919A6600C6FDE8 /* AlgorithmArts.entitlements */,
				E3FD8E5A29919A6600C6FDE8 /* Preview Content */,
			);
			path = AlgorithmArts;
			sourceTree = "<group>";
		};
		E3FD8E5A29919A6600C6FDE8 /* Preview Content */ = {
			isa = PBXGroup;
			children = (
				E3FD8E5B29919A6600C6FDE8 /* Preview Assets.xcassets */,
			);
			path = "Preview Content";
			sourceTree = "<group>";
		};
		E3FD8E6429919A6700C6FDE8 /* AlgorithmArtsTests */ = {
			isa = PBXGroup;
			children = (
				E3FD8E6529919A6700C6FDE8 /* AlgorithmArtsTests.swift */,
			);
			path = AlgorithmArtsTests;
			sourceTree = "<group>";
		};
		E3FD8E6E29919A6700C6FDE8 /* AlgorithmArtsUITests */ = {
			isa = PBXGroup;
			children = (
				E3FD8E6F29919A6700C6FDE8 /* AlgorithmArtsUITests.swift */,
				E3FD8E7129919A6700C6FDE8 /* AlgorithmArtsUITestsLaunchTests.swift */,
			);
			path = AlgorithmArtsUITests;
			sourceTree = "<group>";
		};
/* End PBXGroup section */

/* Begin PBXNativeTarget section */
		E3FD8E4F29919A6500C6FDE8 /* AlgorithmArts */ = {
			isa = PBXNativeTarget;
			buildConfigurationList = E3FD8E7529919A6700C6FDE8 /* Build configuration list for PBXNativeTarget "AlgorithmArts" */;
			buildPhases = (
				E3FD8E4C29919A6500C6FDE8 /* Sources */,
				E3FD8E4D29919A6500C6FDE8 /* Frameworks */,
				E3FD8E4E29919A6500C6FDE8 /* Resources */,
			);
			buildRules = (
			);
			dependencies = (
			);
			name = AlgorithmArts;
			productName = AlgorithmArts;
			productReference = E3FD8E5029919A6600C6FDE8 /* AlgorithmArts.app */;
			productType = "com.apple.product-type.application";
		};
		E3FD8E6029919A6700C6FDE8 /* AlgorithmArtsTests */ = {
			isa = PBXNativeTarget;
			buildConfigurationList = E3FD8E7829919A6700C6FDE8 /* Build configuration list for PBXNativeTarget "AlgorithmArtsTests" */;
			buildPhases = (
				E3FD8E5D29919A6700C6FDE8 /* Sources */,
				E3FD8E5E29919A6700C6FDE8 /* Frameworks */,
				E3FD8E5F29919A6700C6FDE8 /* Resources */,
			);
			buildRules = (
			);
			dependencies = (
				E3FD8E6329919A6700C6FDE8 /* PBXTargetDependency */,
			);
			name = AlgorithmArtsTests;
			productName = AlgorithmArtsTests;
			productReference = E3FD8E6129919A6700C6FDE8 /* AlgorithmArtsTests.xctest */;
			productType = "com.apple.product-type.bundle.unit-test";
		};
		E3FD8E6A29919A6700C6FDE8 /* AlgorithmArtsUITests */ = {
			isa = PBXNativeTarget;
			buildConfigurationList = E3FD8E7B29919A6700C6FDE8 /* Build configuration list for PBXNativeTarget "AlgorithmArtsUITests" */;
			buildPhases = (
				E3FD8E6729919A6700C6FDE8 /* Sources */,
				E3FD8E6829919A6700C6FDE8 /* Frameworks */,
				E3FD8E6929919A6700C6FDE8 /* Resources */,
			);
			buildRules = (
			);
			dependencies = (
				E3FD8E6D29919A6700C6FDE8 /* PBXTargetDependency */,
			);
			name = AlgorithmArtsUITests;
			productName = AlgorithmArtsUITests;
			productReference = E3FD8E6B29919A6700C6FDE8 /* AlgorithmArtsUITests.xctest */;
			productType = "com.apple.product-type.bundle.ui-testing";
		};
/* End PBXNativeTarget section */

/* Begin PBXProject section */
		E3FD8E4829919A6500C6FDE8 /* Project object */ = {
			isa = PBXProject;
			attributes = {
				BuildIndependentTargetsInParallel = 1;
				LastSwiftUpdateCheck = 1420;
				LastUpgradeCheck = 1430;
				TargetAttributes = {
					E3FD8E4F29919A6500C6FDE8 = {
						CreatedOnToolsVersion = 14.2;
					};
					E3FD8E6029919A6700C6FDE8 = {
						CreatedOnToolsVersion = 14.2;
						TestTargetID = E3FD8E4F29919A6500C6FDE8;
					};
					E3FD8E6A29919A6700C6FDE8 = {
						CreatedOnToolsVersion = 14.2;
						TestTargetID = E3FD8E4F29919A6500C6FDE8;
					};
				};
			};
			buildConfigurationList = E3FD8E4B29919A6500C6FDE8 /* Build configuration list for PBXProject "AlgorithmArts" */;
			compatibilityVersion = "Xcode 14.0";
			developmentRegion = en;
			hasScannedForEncodings = 0;
			knownRegions = (
				en,
				Base,
			);
			mainGroup = E3FD8E4729919A6500C6FDE8;
			productRefGroup = E3FD8E5129919A6600C6FDE8 /* Products */;
			projectDirPath = "";
			projectRoot = "";
			targets = (
				E3FD8E4F29919A6500C6FDE8 /* AlgorithmArts */,
				E3FD8E6029919A6700C6FDE8 /* AlgorithmArtsTests */,
				E3FD8E6A29919A6700C6FDE8 /* AlgorithmArtsUITests */,
			);
		};
/* End PBXProject section */

/* Begin PBXResourcesBuildPhase section */
		E3FD8E4E29919A6500C6FDE8 /* Resources */ = {
			isa = PBXResourcesBuildPhase;
			buildActionMask = 2147483647;
			files = (
				E3419DC82A04297100C91840 /* Launch Screen.storyboard in Resources */,
				E3FD8E5C29919A6600C6FDE8 /* Preview Assets.xcassets in Resources */,
				E3FD8E5829919A6600C6FDE8 /* Assets.xcassets in Resources */,
			);
			runOnlyForDeploymentPostprocessing = 0;
		};
		E3FD8E5F29919A6700C6FDE8 /* Resources */ = {
			isa = PBXResourcesBuildPhase;
			buildActionMask = 2147483647;
			files = (
			);
			runOnlyForDeploymentPostprocessing = 0;
		};
		E3FD8E6929919A6700C6FDE8 /* Resources */ = {
			isa = PBXResourcesBuildPhase;
			buildActionMask = 2147483647;
			files = (
			);
			runOnlyForDeploymentPostprocessing = 0;
		};
/* End PBXResourcesBuildPhase section */

/* Begin PBXSourcesBuildPhase section */
		E3FD8E4C29919A6500C6FDE8 /* Sources */ = {
			isa = PBXSourcesBuildPhase;
			buildActionMask = 2147483647;
			files = (
				E3FD8E5629919A6600C6FDE8 /* ContentView.swift in Sources */,
				E3DAF8FD299794EE007F4AD8 /* Save.swift in Sources */,
				E3419DCC2A04370400C91840 /* SwiftUIView.swift in Sources */,
				E3118BB12A2A6D28005DC31D /* ExtensionFile.swift in Sources */,
				E3FD8E5429919A6600C6FDE8 /* AlgorithmArtsApp.swift in Sources */,
				E31805882A1BAC28001AA227 /* ChallengeScreen.swift in Sources */,
				E3118BAF2A2A6CDD005DC31D /* ThemeBox.swift in Sources */,
				E3250CC7299C20AF008183CE /* DrawingView.swift in Sources */,
				E3250CCF29A19CE0008183CE /* ColorP.swift in Sources */,
				E35A7FA52A097AAB0059B252 /* HomePage.swift in Sources */,
				E3118BAD2A2A6C30005DC31D /* Records.swift in Sources */,
				E3118BAB2A2A6BB8005DC31D /* SketchPage.swift in Sources */,
				E3250CC9299C2290008183CE /* CanvasTestView.swift in Sources */,
				E3DAF8FB29944DC2007F4AD8 /* KeoDrawing.swift in Sources */,
				E3DAF8F72992FA29007F4AD8 /* DrawingRectangle.swift in Sources */,
				E3648B1C2A32601B00FEB87E /* Router.swift in Sources */,
				E3118BB32A2A6F44005DC31D /* Profile.swift in Sources */,
				E3DAF8F52992F064007F4AD8 /* ColoringPage.swift in Sources */,
				E3C7CE182A326D6B00020798 /* CountdownTimer.swift in Sources */,
				E3DAF8F929942B60007F4AD8 /* Box.swift in Sources */,
				E3419DCE2A0448D400C91840 /* SplashScreenView.swift in Sources */,
				E3118BB52A2A6FD7005DC31D /* Selection.swift in Sources */,
				E30411662A21397C00C721EC /* RandomTimer.swift in Sources */,
			);
			runOnlyForDeploymentPostprocessing = 0;
		};
		E3FD8E5D29919A6700C6FDE8 /* Sources */ = {
			isa = PBXSourcesBuildPhase;
			buildActionMask = 2147483647;
			files = (
				E3FD8E6629919A6700C6FDE8 /* AlgorithmArtsTests.swift in Sources */,
			);
			runOnlyForDeploymentPostprocessing = 0;
		};
		E3FD8E6729919A6700C6FDE8 /* Sources */ = {
			isa = PBXSourcesBuildPhase;
			buildActionMask = 2147483647;
			files = (
				E3FD8E7229919A6700C6FDE8 /* AlgorithmArtsUITestsLaunchTests.swift in Sources */,
				E3FD8E7029919A6700C6FDE8 /* AlgorithmArtsUITests.swift in Sources */,
			);
			runOnlyForDeploymentPostprocessing = 0;
		};
/* End PBXSourcesBuildPhase section */

/* Begin PBXTargetDependency section */
		E3FD8E6329919A6700C6FDE8 /* PBXTargetDependency */ = {
			isa = PBXTargetDependency;
			target = E3FD8E4F29919A6500C6FDE8 /* AlgorithmArts */;
			targetProxy = E3FD8E6229919A6700C6FDE8 /* PBXContainerItemProxy */;
		};
		E3FD8E6D29919A6700C6FDE8 /* PBXTargetDependency */ = {
			isa = PBXTargetDependency;
			target = E3FD8E4F29919A6500C6FDE8 /* AlgorithmArts */;
			targetProxy = E3FD8E6C29919A6700C6FDE8 /* PBXContainerItemProxy */;
		};
/* End PBXTargetDependency section */

/* Begin XCBuildConfiguration section */
		E3FD8E7329919A6700C6FDE8 /* Debug */ = {
			isa = XCBuildConfiguration;
			buildSettings = {
				ALWAYS_SEARCH_USER_PATHS = NO;
				CLANG_ANALYZER_NONNULL = YES;
				CLANG_ANALYZER_NUMBER_OBJECT_CONVERSION = YES_AGGRESSIVE;
				CLANG_CXX_LANGUAGE_STANDARD = "gnu++20";
				CLANG_ENABLE_MODULES = YES;
				CLANG_ENABLE_OBJC_ARC = YES;
				CLANG_ENABLE_OBJC_WEAK = YES;
				CLANG_WARN_BLOCK_CAPTURE_AUTORELEASING = YES;
				CLANG_WARN_BOOL_CONVERSION = YES;
				CLANG_WARN_COMMA = YES;
				CLANG_WARN_CONSTANT_CONVERSION = YES;
				CLANG_WARN_DEPRECATED_OBJC_IMPLEMENTATIONS = YES;
				CLANG_WARN_DIRECT_OBJC_ISA_USAGE = YES_ERROR;
				CLANG_WARN_DOCUMENTATION_COMMENTS = YES;
				CLANG_WARN_EMPTY_BODY = YES;
				CLANG_WARN_ENUM_CONVERSION = YES;
				CLANG_WARN_INFINITE_RECURSION = YES;
				CLANG_WARN_INT_CONVERSION = YES;
				CLANG_WARN_NON_LITERAL_NULL_CONVERSION = YES;
				CLANG_WARN_OBJC_IMPLICIT_RETAIN_SELF = YES;
				CLANG_WARN_OBJC_LITERAL_CONVERSION = YES;
				CLANG_WARN_OBJC_ROOT_CLASS = YES_ERROR;
				CLANG_WARN_QUOTED_INCLUDE_IN_FRAMEWORK_HEADER = YES;
				CLANG_WARN_RANGE_LOOP_ANALYSIS = YES;
				CLANG_WARN_STRICT_PROTOTYPES = YES;
				CLANG_WARN_SUSPICIOUS_MOVE = YES;
				CLANG_WARN_UNGUARDED_AVAILABILITY = YES_AGGRESSIVE;
				CLANG_WARN_UNREACHABLE_CODE = YES;
				CLANG_WARN__DUPLICATE_METHOD_MATCH = YES;
				COPY_PHASE_STRIP = NO;
				DEAD_CODE_STRIPPING = YES;
				DEBUG_INFORMATION_FORMAT = dwarf;
				ENABLE_STRICT_OBJC_MSGSEND = YES;
				ENABLE_TESTABILITY = YES;
				GCC_C_LANGUAGE_STANDARD = gnu11;
				GCC_DYNAMIC_NO_PIC = NO;
				GCC_NO_COMMON_BLOCKS = YES;
				GCC_OPTIMIZATION_LEVEL = 0;
				GCC_PREPROCESSOR_DEFINITIONS = (
					"DEBUG=1",
					"$(inherited)",
				);
				GCC_WARN_64_TO_32_BIT_CONVERSION = YES;
				GCC_WARN_ABOUT_RETURN_TYPE = YES_ERROR;
				GCC_WARN_UNDECLARED_SELECTOR = YES;
				GCC_WARN_UNINITIALIZED_AUTOS = YES_AGGRESSIVE;
				GCC_WARN_UNUSED_FUNCTION = YES;
				GCC_WARN_UNUSED_VARIABLE = YES;
				MTL_ENABLE_DEBUG_INFO = INCLUDE_SOURCE;
				MTL_FAST_MATH = YES;
				ONLY_ACTIVE_ARCH = YES;
				SWIFT_ACTIVE_COMPILATION_CONDITIONS = DEBUG;
				SWIFT_OPTIMIZATION_LEVEL = "-Onone";
			};
			name = Debug;
		};
		E3FD8E7429919A6700C6FDE8 /* Release */ = {
			isa = XCBuildConfiguration;
			buildSettings = {
				ALWAYS_SEARCH_USER_PATHS = NO;
				CLANG_ANALYZER_NONNULL = YES;
				CLANG_ANALYZER_NUMBER_OBJECT_CONVERSION = YES_AGGRESSIVE;
				CLANG_CXX_LANGUAGE_STANDARD = "gnu++20";
				CLANG_ENABLE_MODULES = YES;
				CLANG_ENABLE_OBJC_ARC = YES;
				CLANG_ENABLE_OBJC_WEAK = YES;
				CLANG_WARN_BLOCK_CAPTURE_AUTORELEASING = YES;
				CLANG_WARN_BOOL_CONVERSION = YES;
				CLANG_WARN_COMMA = YES;
				CLANG_WARN_CONSTANT_CONVERSION = YES;
				CLANG_WARN_DEPRECATED_OBJC_IMPLEMENTATIONS = YES;
				CLANG_WARN_DIRECT_OBJC_ISA_USAGE = YES_ERROR;
				CLANG_WARN_DOCUMENTATION_COMMENTS = YES;
				CLANG_WARN_EMPTY_BODY = YES;
				CLANG_WARN_ENUM_CONVERSION = YES;
				CLANG_WARN_INFINITE_RECURSION = YES;
				CLANG_WARN_INT_CONVERSION = YES;
				CLANG_WARN_NON_LITERAL_NULL_CONVERSION = YES;
				CLANG_WARN_OBJC_IMPLICIT_RETAIN_SELF = YES;
				CLANG_WARN_OBJC_LITERAL_CONVERSION = YES;
				CLANG_WARN_OBJC_ROOT_CLASS = YES_ERROR;
				CLANG_WARN_QUOTED_INCLUDE_IN_FRAMEWORK_HEADER = YES;
				CLANG_WARN_RANGE_LOOP_ANALYSIS = YES;
				CLANG_WARN_STRICT_PROTOTYPES = YES;
				CLANG_WARN_SUSPICIOUS_MOVE = YES;
				CLANG_WARN_UNGUARDED_AVAILABILITY = YES_AGGRESSIVE;
				CLANG_WARN_UNREACHABLE_CODE = YES;
				CLANG_WARN__DUPLICATE_METHOD_MATCH = YES;
				COPY_PHASE_STRIP = NO;
				DEAD_CODE_STRIPPING = YES;
				DEBUG_INFORMATION_FORMAT = "dwarf-with-dsym";
				ENABLE_NS_ASSERTIONS = NO;
				ENABLE_STRICT_OBJC_MSGSEND = YES;
				GCC_C_LANGUAGE_STANDARD = gnu11;
				GCC_NO_COMMON_BLOCKS = YES;
				GCC_WARN_64_TO_32_BIT_CONVERSION = YES;
				GCC_WARN_ABOUT_RETURN_TYPE = YES_ERROR;
				GCC_WARN_UNDECLARED_SELECTOR = YES;
				GCC_WARN_UNINITIALIZED_AUTOS = YES_AGGRESSIVE;
				GCC_WARN_UNUSED_FUNCTION = YES;
				GCC_WARN_UNUSED_VARIABLE = YES;
				MTL_ENABLE_DEBUG_INFO = NO;
				MTL_FAST_MATH = YES;
				SWIFT_COMPILATION_MODE = wholemodule;
				SWIFT_OPTIMIZATION_LEVEL = "-O";
			};
			name = Release;
		};
		E3FD8E7629919A6700C6FDE8 /* Debug */ = {
			isa = XCBuildConfiguration;
			buildSettings = {
				ASSETCATALOG_COMPILER_APPICON_NAME = AppIcon;
				ASSETCATALOG_COMPILER_GLOBAL_ACCENT_COLOR_NAME = AccentColor;
				CODE_SIGN_ENTITLEMENTS = AlgorithmArts/AlgorithmArts.entitlements;
				CODE_SIGN_STYLE = Automatic;
				CURRENT_PROJECT_VERSION = 1;
				DEAD_CODE_STRIPPING = YES;
				DEVELOPMENT_ASSET_PATHS = "\"AlgorithmArts/Preview Content\"";
				DEVELOPMENT_TEAM = L6DJKMRQZ7;
				ENABLE_HARDENED_RUNTIME = YES;
				ENABLE_PREVIEWS = YES;
				GENERATE_INFOPLIST_FILE = YES;
				INFOPLIST_FILE = AlgorithmArts/Info.plist;
				"INFOPLIST_KEY_UIApplicationSceneManifest_Generation[sdk=iphoneos*]" = YES;
				"INFOPLIST_KEY_UIApplicationSceneManifest_Generation[sdk=iphonesimulator*]" = YES;
				"INFOPLIST_KEY_UIApplicationSupportsIndirectInputEvents[sdk=iphoneos*]" = YES;
				"INFOPLIST_KEY_UIApplicationSupportsIndirectInputEvents[sdk=iphonesimulator*]" = YES;
				"INFOPLIST_KEY_UILaunchScreen_Generation[sdk=iphoneos*]" = YES;
				"INFOPLIST_KEY_UILaunchScreen_Generation[sdk=iphonesimulator*]" = YES;
				INFOPLIST_KEY_UILaunchStoryboardName = "Launch Screen.storyboard";
				"INFOPLIST_KEY_UIStatusBarStyle[sdk=iphoneos*]" = UIStatusBarStyleDefault;
				"INFOPLIST_KEY_UIStatusBarStyle[sdk=iphonesimulator*]" = UIStatusBarStyleDefault;
				INFOPLIST_KEY_UISupportedInterfaceOrientations_iPad = "UIInterfaceOrientationPortrait UIInterfaceOrientationPortraitUpsideDown UIInterfaceOrientationLandscapeLeft UIInterfaceOrientationLandscapeRight";
				INFOPLIST_KEY_UISupportedInterfaceOrientations_iPhone = "UIInterfaceOrientationPortrait UIInterfaceOrientationLandscapeLeft UIInterfaceOrientationLandscapeRight";
				IPHONEOS_DEPLOYMENT_TARGET = 16.2;
				LD_RUNPATH_SEARCH_PATHS = "@executable_path/Frameworks";
				"LD_RUNPATH_SEARCH_PATHS[sdk=macosx*]" = "@executable_path/../Frameworks";
				MACOSX_DEPLOYMENT_TARGET = 13.1;
				MARKETING_VERSION = 1.0;
				PRODUCT_BUNDLE_IDENTIFIER = mind.archives.AlgorithmArts;
				PRODUCT_NAME = "$(TARGET_NAME)";
				SDKROOT = auto;
				SUPPORTED_PLATFORMS = "iphoneos iphonesimulator macosx";
				SWIFT_EMIT_LOC_STRINGS = YES;
				SWIFT_VERSION = 5.0;
				TARGETED_DEVICE_FAMILY = "1,2";
			};
			name = Debug;
		};
		E3FD8E7729919A6700C6FDE8 /* Release */ = {
			isa = XCBuildConfiguration;
			buildSettings = {
				ASSETCATALOG_COMPILER_APPICON_NAME = AppIcon;
				ASSETCATALOG_COMPILER_GLOBAL_ACCENT_COLOR_NAME = AccentColor;
				CODE_SIGN_ENTITLEMENTS = AlgorithmArts/AlgorithmArts.entitlements;
				CODE_SIGN_STYLE = Automatic;
				CURRENT_PROJECT_VERSION = 1;
				DEAD_CODE_STRIPPING = YES;
				DEVELOPMENT_ASSET_PATHS = "\"AlgorithmArts/Preview Content\"";
				DEVELOPMENT_TEAM = L6DJKMRQZ7;
				ENABLE_HARDENED_RUNTIME = YES;
				ENABLE_PREVIEWS = YES;
				GENERATE_INFOPLIST_FILE = YES;
				INFOPLIST_FILE = AlgorithmArts/Info.plist;
				"INFOPLIST_KEY_UIApplicationSceneManifest_Generation[sdk=iphoneos*]" = YES;
				"INFOPLIST_KEY_UIApplicationSceneManifest_Generation[sdk=iphonesimulator*]" = YES;
				"INFOPLIST_KEY_UIApplicationSupportsIndirectInputEvents[sdk=iphoneos*]" = YES;
				"INFOPLIST_KEY_UIApplicationSupportsIndirectInputEvents[sdk=iphonesimulator*]" = YES;
				"INFOPLIST_KEY_UILaunchScreen_Generation[sdk=iphoneos*]" = YES;
				"INFOPLIST_KEY_UILaunchScreen_Generation[sdk=iphonesimulator*]" = YES;
				INFOPLIST_KEY_UILaunchStoryboardName = "Launch Screen.storyboard";
				"INFOPLIST_KEY_UIStatusBarStyle[sdk=iphoneos*]" = UIStatusBarStyleDefault;
				"INFOPLIST_KEY_UIStatusBarStyle[sdk=iphonesimulator*]" = UIStatusBarStyleDefault;
				INFOPLIST_KEY_UISupportedInterfaceOrientations_iPad = "UIInterfaceOrientationPortrait UIInterfaceOrientationPortraitUpsideDown UIInterfaceOrientationLandscapeLeft UIInterfaceOrientationLandscapeRight";
				INFOPLIST_KEY_UISupportedInterfaceOrientations_iPhone = "UIInterfaceOrientationPortrait UIInterfaceOrientationLandscapeLeft UIInterfaceOrientationLandscapeRight";
				IPHONEOS_DEPLOYMENT_TARGET = 16.2;
				LD_RUNPATH_SEARCH_PATHS = "@executable_path/Frameworks";
				"LD_RUNPATH_SEARCH_PATHS[sdk=macosx*]" = "@executable_path/../Frameworks";
				MACOSX_DEPLOYMENT_TARGET = 13.1;
				MARKETING_VERSION = 1.0;
				PRODUCT_BUNDLE_IDENTIFIER = mind.archives.AlgorithmArts;
				PRODUCT_NAME = "$(TARGET_NAME)";
				SDKROOT = auto;
				SUPPORTED_PLATFORMS = "iphoneos iphonesimulator macosx";
				SWIFT_EMIT_LOC_STRINGS = YES;
				SWIFT_VERSION = 5.0;
				TARGETED_DEVICE_FAMILY = "1,2";
			};
			name = Release;
		};
		E3FD8E7929919A6700C6FDE8 /* Debug */ = {
			isa = XCBuildConfiguration;
			buildSettings = {
				ALWAYS_EMBED_SWIFT_STANDARD_LIBRARIES = YES;
				BUNDLE_LOADER = "$(TEST_HOST)";
				CODE_SIGN_STYLE = Automatic;
				CURRENT_PROJECT_VERSION = 1;
				DEAD_CODE_STRIPPING = YES;
				DEVELOPMENT_TEAM = L6DJKMRQZ7;
				GENERATE_INFOPLIST_FILE = YES;
				IPHONEOS_DEPLOYMENT_TARGET = 16.2;
				MACOSX_DEPLOYMENT_TARGET = 13.1;
				MARKETING_VERSION = 1.0;
				PRODUCT_BUNDLE_IDENTIFIER = mind.archives.AlgorithmArtsTests;
				PRODUCT_NAME = "$(TARGET_NAME)";
				SDKROOT = auto;
				SUPPORTED_PLATFORMS = "iphoneos iphonesimulator macosx";
				SWIFT_EMIT_LOC_STRINGS = NO;
				SWIFT_VERSION = 5.0;
				TARGETED_DEVICE_FAMILY = "1,2";
				TEST_HOST = "$(BUILT_PRODUCTS_DIR)/AlgorithmArts.app/$(BUNDLE_EXECUTABLE_FOLDER_PATH)/AlgorithmArts";
			};
			name = Debug;
		};
		E3FD8E7A29919A6700C6FDE8 /* Release */ = {
			isa = XCBuildConfiguration;
			buildSettings = {
				ALWAYS_EMBED_SWIFT_STANDARD_LIBRARIES = YES;
				BUNDLE_LOADER = "$(TEST_HOST)";
				CODE_SIGN_STYLE = Automatic;
				CURRENT_PROJECT_VERSION = 1;
				DEAD_CODE_STRIPPING = YES;
				DEVELOPMENT_TEAM = L6DJKMRQZ7;
				GENERATE_INFOPLIST_FILE = YES;
				IPHONEOS_DEPLOYMENT_TARGET = 16.2;
				MACOSX_DEPLOYMENT_TARGET = 13.1;
				MARKETING_VERSION = 1.0;
				PRODUCT_BUNDLE_IDENTIFIER = mind.archives.AlgorithmArtsTests;
				PRODUCT_NAME = "$(TARGET_NAME)";
				SDKROOT = auto;
				SUPPORTED_PLATFORMS = "iphoneos iphonesimulator macosx";
				SWIFT_EMIT_LOC_STRINGS = NO;
				SWIFT_VERSION = 5.0;
				TARGETED_DEVICE_FAMILY = "1,2";
				TEST_HOST = "$(BUILT_PRODUCTS_DIR)/AlgorithmArts.app/$(BUNDLE_EXECUTABLE_FOLDER_PATH)/AlgorithmArts";
			};
			name = Release;
		};
		E3FD8E7C29919A6700C6FDE8 /* Debug */ = {
			isa = XCBuildConfiguration;
			buildSettings = {
				ALWAYS_EMBED_SWIFT_STANDARD_LIBRARIES = YES;
				CODE_SIGN_STYLE = Automatic;
				CURRENT_PROJECT_VERSION = 1;
				DEAD_CODE_STRIPPING = YES;
				DEVELOPMENT_TEAM = L6DJKMRQZ7;
				GENERATE_INFOPLIST_FILE = YES;
				IPHONEOS_DEPLOYMENT_TARGET = 16.2;
				MACOSX_DEPLOYMENT_TARGET = 13.1;
				MARKETING_VERSION = 1.0;
				PRODUCT_BUNDLE_IDENTIFIER = mind.archives.AlgorithmArtsUITests;
				PRODUCT_NAME = "$(TARGET_NAME)";
				SDKROOT = auto;
				SUPPORTED_PLATFORMS = "iphoneos iphonesimulator macosx";
				SWIFT_EMIT_LOC_STRINGS = NO;
				SWIFT_VERSION = 5.0;
				TARGETED_DEVICE_FAMILY = "1,2";
				TEST_TARGET_NAME = AlgorithmArts;
			};
			name = Debug;
		};
		E3FD8E7D29919A6700C6FDE8 /* Release */ = {
			isa = XCBuildConfiguration;
			buildSettings = {
				ALWAYS_EMBED_SWIFT_STANDARD_LIBRARIES = YES;
				CODE_SIGN_STYLE = Automatic;
				CURRENT_PROJECT_VERSION = 1;
				DEAD_CODE_STRIPPING = YES;
				DEVELOPMENT_TEAM = L6DJKMRQZ7;
				GENERATE_INFOPLIST_FILE = YES;
				IPHONEOS_DEPLOYMENT_TARGET = 16.2;
				MACOSX_DEPLOYMENT_TARGET = 13.1;
				MARKETING_VERSION = 1.0;
				PRODUCT_BUNDLE_IDENTIFIER = mind.archives.AlgorithmArtsUITests;
				PRODUCT_NAME = "$(TARGET_NAME)";
				SDKROOT = auto;
				SUPPORTED_PLATFORMS = "iphoneos iphonesimulator macosx";
				SWIFT_EMIT_LOC_STRINGS = NO;
				SWIFT_VERSION = 5.0;
				TARGETED_DEVICE_FAMILY = "1,2";
				TEST_TARGET_NAME = AlgorithmArts;
			};
			name = Release;
		};
/* End XCBuildConfiguration section */

/* Begin XCConfigurationList section */
		E3FD8E4B29919A6500C6FDE8 /* Build configuration list for PBXProject "AlgorithmArts" */ = {
			isa = XCConfigurationList;
			buildConfigurations = (
				E3FD8E7329919A6700C6FDE8 /* Debug */,
				E3FD8E7429919A6700C6FDE8 /* Release */,
			);
			defaultConfigurationIsVisible = 0;
			defaultConfigurationName = Release;
		};
		E3FD8E7529919A6700C6FDE8 /* Build configuration list for PBXNativeTarget "AlgorithmArts" */ = {
			isa = XCConfigurationList;
			buildConfigurations = (
				E3FD8E7629919A6700C6FDE8 /* Debug */,
				E3FD8E7729919A6700C6FDE8 /* Release */,
			);
			defaultConfigurationIsVisible = 0;
			defaultConfigurationName = Release;
		};
		E3FD8E7829919A6700C6FDE8 /* Build configuration list for PBXNativeTarget "AlgorithmArtsTests" */ = {
			isa = XCConfigurationList;
			buildConfigurations = (
				E3FD8E7929919A6700C6FDE8 /* Debug */,
				E3FD8E7A29919A6700C6FDE8 /* Release */,
			);
			defaultConfigurationIsVisible = 0;
			defaultConfigurationName = Release;
		};
		E3FD8E7B29919A6700C6FDE8 /* Build configuration list for PBXNativeTarget "AlgorithmArtsUITests" */ = {
			isa = XCConfigurationList;
			buildConfigurations = (
				E3FD8E7C29919A6700C6FDE8 /* Debug */,
				E3FD8E7D29919A6700C6FDE8 /* Release */,
			);
			defaultConfigurationIsVisible = 0;
			defaultConfigurationName = Release;
		};
/* End XCConfigurationList section */
	};
	rootObject = E3FD8E4829919A6500C6FDE8 /* Project object */;
}
